<?xml version="1.0" encoding="utf-8"?>
<Project ToolsVersion="4.0" xmlns="http://schemas.microsoft.com/developer/msbuild/2003">
  <ItemGroup>
    <ClCompile Include="main.cpp">
      <Filter>源文件</Filter>
    </ClCompile>
    <ClCompile Include="LkEngineEditor.cpp">
      <Filter>源文件</Filter>
    </ClCompile>
  </ItemGroup>
  <ItemGroup>
    <Filter Include="头文件">
      <UniqueIdentifier>{119ed6fb-a145-4b04-9641-d5eb9196c77d}</UniqueIdentifier>
    </Filter>
    <Filter Include="源文件">
      <UniqueIdentifier>{aada01ad-9d28-4dab-9339-2248e1b777dd}</UniqueIdentifier>
    </Filter>
    <Filter Include="资源文件">
      <UniqueIdentifier>{8c5b9e0d-6812-4697-aa50-ce90fad8b7c3}</UniqueIdentifier>
    </Filter>
  </ItemGroup>
  <ItemGroup>
    <QtRcc Include="Resource.qrc">
      <Filter>资源文件</Filter>
    </QtRcc>
  </ItemGroup>
  <ItemGroup>
    <QtUic Include="LkEngineEditor.ui">
      <Filter>资源文件</Filter>
    </QtUic>
  </ItemGroup>
  <ItemGroup>
    <QtMoc Include="LkEngineEditor.h">
      <Filter>头文件</Filter>
    </QtMoc>
  </ItemGroup>
</Project>