<?xml version="1.0" encoding="utf-8"?>
<Project ToolsVersion="4.0" xmlns="http://schemas.microsoft.com/developer/msbuild/2003">
  <ItemGroup>
    <Filter Include="Core">
      <UniqueIdentifier>{e0f53acf-4ec9-4242-8bea-569d3efc752a}</UniqueIdentifier>
    </Filter>
    <Filter Include="Core\Reflection">
      <UniqueIdentifier>{217d4774-bb8e-4d60-999c-2b66bfe4a930}</UniqueIdentifier>
    </Filter>
    <Filter Include="Core\Serialization">
      <UniqueIdentifier>{d1b647b6-58ac-4d90-b2aa-2788cc55d788}</UniqueIdentifier>
    </Filter>
    <Filter Include="Core\Engine">
      <UniqueIdentifier>{b7956f01-fd2a-408d-80da-3787dd6851b2}</UniqueIdentifier>
    </Filter>
    <Filter Include="Core\Log">
      <UniqueIdentifier>{a05737db-d8df-428e-a6d0-6facb603930b}</UniqueIdentifier>
    </Filter>
    <Filter Include="Core\Timer">
      <UniqueIdentifier>{15f358ce-0e4d-4487-9953-37b726b1b0eb}</UniqueIdentifier>
    </Filter>
    <Filter Include="Shader">
      <UniqueIdentifier>{a41a4ab1-4aae-446d-9fbe-357c157c3f07}</UniqueIdentifier>
    </Filter>
    <Filter Include="Scene">
      <UniqueIdentifier>{9d478906-5a68-4cec-93b0-9b7e36b78db9}</UniqueIdentifier>
    </Filter>
    <Filter Include="Scene\Component">
      <UniqueIdentifier>{0eddaa46-2fe3-4d2d-a6a1-eb8cdeeaba75}</UniqueIdentifier>
    </Filter>
    <Filter Include="Platform">
      <UniqueIdentifier>{0231f10b-4334-467f-8707-94063187f803}</UniqueIdentifier>
    </Filter>
    <Filter Include="Platform\Windows">
      <UniqueIdentifier>{3779f79c-2e1c-4d9c-929e-fdc444127bff}</UniqueIdentifier>
    </Filter>
    <Filter Include="Platform\Windows\Bindable">
      <UniqueIdentifier>{c04943ef-7b12-42cc-bdcd-f7d81d7cafc7}</UniqueIdentifier>
    </Filter>
    <Filter Include="Platform\Windows\TextureLoader">
      <UniqueIdentifier>{6f7454e3-d1a1-4ba6-92ac-dfbf18986807}</UniqueIdentifier>
    </Filter>
    <Filter Include="Interface">
      <UniqueIdentifier>{032b7cc0-9f86-4f31-8fd6-8600d9df7270}</UniqueIdentifier>
    </Filter>
    <Filter Include="Utility">
      <UniqueIdentifier>{639ea62f-858e-4ed4-bfc3-be22862fe77e}</UniqueIdentifier>
    </Filter>
    <Filter Include="Scene\Component\Interface">
      <UniqueIdentifier>{9e4a660b-0178-442b-97c4-09ea0c50aec4}</UniqueIdentifier>
    </Filter>
    <Filter Include="Platform\Windows\Math">
      <UniqueIdentifier>{63c63a56-b1b9-43aa-902f-096740e679fe}</UniqueIdentifier>
    </Filter>
  </ItemGroup>
  <ItemGroup>
    <ClCompile Include="main.cpp" />
    <ClCompile Include="Core\Reflection\ReflectionManager.cpp">
      <Filter>Core\Reflection</Filter>
    </ClCompile>
    <ClCompile Include="Core\Serialization\SerializationManager.cpp">
      <Filter>Core\Serialization</Filter>
    </ClCompile>
    <ClCompile Include="Core\Serialization\DataStream.cpp">
      <Filter>Core\Serialization</Filter>
    </ClCompile>
    <ClCompile Include="Core\Engine\Engine.cpp">
      <Filter>Core\Engine</Filter>
    </ClCompile>
    <ClCompile Include="Core\Log\LogManager.cpp">
      <Filter>Core\Log</Filter>
    </ClCompile>
    <ClCompile Include="Core\Timer\GameTimer.cpp">
      <Filter>Core\Timer</Filter>
    </ClCompile>
    <ClCompile Include="Scene\SceneManager.cpp">
      <Filter>Scene</Filter>
    </ClCompile>
    <ClCompile Include="Scene\Component\TestComponent.cpp">
      <Filter>Scene\Component</Filter>
    </ClCompile>
    <ClCompile Include="Platform\Windows\Bindable\SamplerStateDesc.cpp">
      <Filter>Platform\Windows\Bindable</Filter>
    </ClCompile>
    <ClCompile Include="Platform\Windows\TextureLoader\DDSTextureLoader.cpp">
      <Filter>Platform\Windows\TextureLoader</Filter>
    </ClCompile>
    <ClCompile Include="Platform\Windows\TextureLoader\WICTextureLoader.cpp">
      <Filter>Platform\Windows\TextureLoader</Filter>
    </ClCompile>
    <ClCompile Include="Utility\Utility.cpp">
      <Filter>Utility</Filter>
    </ClCompile>
    <ClCompile Include="Scene\Component\ComponentInterface.cpp">
      <Filter>Scene\Component\Interface</Filter>
    </ClCompile>
    <ClCompile Include="Scene\Component\PerspectiveCamera.cpp">
      <Filter>Scene\Component</Filter>
    </ClCompile>
    <ClCompile Include="Platform\Windows\Math\Transform.cpp">
      <Filter>Platform\Windows\Math</Filter>
    </ClCompile>
    <ClCompile Include="Platform\Windows\RenderSystem.cpp">
      <Filter>Platform\Windows</Filter>
    </ClCompile>
    <ClCompile Include="Platform\Windows\Bindable\BindableManager1.cpp">
      <Filter>Platform\Windows\Bindable</Filter>
    </ClCompile>
    <ClCompile Include="Platform\Windows\Bindable\BindableInterface.cpp">
      <Filter>Platform\Windows\Bindable</Filter>
    </ClCompile>
  </ItemGroup>
  <ItemGroup>
    <ClInclude Include="Core\Reflection\ReflectionManager.h">
      <Filter>Core\Reflection</Filter>
    </ClInclude>
    <ClInclude Include="Core\Serialization\SerializationManager.h">
      <Filter>Core\Serialization</Filter>
    </ClInclude>
    <ClInclude Include="Core\Serialization\DataStream.h">
      <Filter>Core\Serialization</Filter>
    </ClInclude>
    <ClInclude Include="Core\Serialization\Serialization.h">
      <Filter>Core\Serialization</Filter>
    </ClInclude>
    <ClInclude Include="Core\Serialization\testSerialization.h">
      <Filter>Core\Serialization</Filter>
    </ClInclude>
    <ClInclude Include="Core\Reflection\testReflection.h">
      <Filter>Core\Reflection</Filter>
    </ClInclude>
    <ClInclude Include="Core\Engine\Engine.h">
      <Filter>Core\Engine</Filter>
    </ClInclude>
    <ClInclude Include="Core\Log\LogManager.h">
      <Filter>Core\Log</Filter>
    </ClInclude>
    <ClInclude Include="Core\Timer\GameTimer.h">
      <Filter>Core\Timer</Filter>
    </ClInclude>
    <ClInclude Include="Scene\SceneManager.h">
      <Filter>Scene</Filter>
    </ClInclude>
    <ClInclude Include="Scene\Component\TestComponent.h">
      <Filter>Scene\Component</Filter>
    </ClInclude>
    <ClInclude Include="Platform\Windows\Bindable\BindableInterface.h">
      <Filter>Platform\Windows\Bindable</Filter>
    </ClInclude>
    <ClInclude Include="Platform\Windows\Bindable\ConstantBuffer.h">
      <Filter>Platform\Windows\Bindable</Filter>
    </ClInclude>
    <ClInclude Include="Platform\Windows\Bindable\IndexBuffer.h">
      <Filter>Platform\Windows\Bindable</Filter>
    </ClInclude>
    <ClInclude Include="Platform\Windows\Bindable\InputLayout.h">
      <Filter>Platform\Windows\Bindable</Filter>
    </ClInclude>
    <ClInclude Include="Platform\Windows\Bindable\PixelShader.h">
      <Filter>Platform\Windows\Bindable</Filter>
    </ClInclude>
    <ClInclude Include="Platform\Windows\Bindable\SamplerState.h">
      <Filter>Platform\Windows\Bindable</Filter>
    </ClInclude>
    <ClInclude Include="Platform\Windows\Bindable\SamplerStateDesc.h">
      <Filter>Platform\Windows\Bindable</Filter>
    </ClInclude>
    <ClInclude Include="Platform\Windows\Bindable\Texture.h">
      <Filter>Platform\Windows\Bindable</Filter>
    </ClInclude>
    <ClInclude Include="Platform\Windows\Bindable\VertexBuffer.h">
      <Filter>Platform\Windows\Bindable</Filter>
    </ClInclude>
    <ClInclude Include="Platform\Windows\Bindable\VertexShader.h">
      <Filter>Platform\Windows\Bindable</Filter>
    </ClInclude>
    <ClInclude Include="Platform\Windows\TextureLoader\DDSTextureLoader.h">
      <Filter>Platform\Windows\TextureLoader</Filter>
    </ClInclude>
    <ClInclude Include="Platform\Windows\TextureLoader\WICTextureLoader.h">
      <Filter>Platform\Windows\TextureLoader</Filter>
    </ClInclude>
    <ClInclude Include="Interface\SingletonInterface.h">
      <Filter>Interface</Filter>
    </ClInclude>
    <ClInclude Include="Utility\Utility.h">
      <Filter>Utility</Filter>
    </ClInclude>
    <ClInclude Include="Scene\Component\ComponentInterface.h">
      <Filter>Scene\Component\Interface</Filter>
    </ClInclude>
    <ClInclude Include="Scene\Component\PerspectiveCamera.h">
      <Filter>Scene\Component</Filter>
    </ClInclude>
    <ClInclude Include="Platform\Windows\Math\Transform.h">
      <Filter>Platform\Windows\Math</Filter>
    </ClInclude>
    <ClInclude Include="Platform\Windows\Math\VertexType.h">
      <Filter>Platform\Windows\Math</Filter>
    </ClInclude>
    <ClInclude Include="Platform\Windows\RenderSystem.h">
      <Filter>Platform\Windows</Filter>
    </ClInclude>
    <ClInclude Include="Platform\Windows\Bindable\BindableManager1.h">
      <Filter>Platform\Windows\Bindable</Filter>
    </ClInclude>
  </ItemGroup>
  <ItemGroup>
    <FxCompile Include="Shader\VertexShader.hlsl">
      <Filter>Shader</Filter>
    </FxCompile>
    <FxCompile Include="Shader\PixelShader.hlsl">
      <Filter>Shader</Filter>
    </FxCompile>
  </ItemGroup>
  <ItemGroup>
    <None Include="Shader\CommonShader.hlsli">
      <Filter>Shader</Filter>
    </None>
    <None Include="Readme.md" />
  </ItemGroup>
</Project>