
Microsoft Visual Studio Solution File, Format Version 12.00
# Visual Studio 15
VisualStudioVersion = 15.0.28307.1800
MinimumVisualStudioVersion = 10.0.40219.1
Project("{2150E333-8FDC-42A3-9474-1A3956D46DE8}") = "Engine", "Engine", "{E874E0C9-031F-44E7-A191-2B0F542054C1}"
EndProject
Project("{2150E333-8FDC-42A3-9474-1A3956D46DE8}") = "LkEngineEditor", "LkEngineEditor", "{C3D7BCA1-D62B-4140-BE91-C8B877603EEF}"
EndProject
Project("{8BC9CEB8-8B4A-11D0-8D11-00A0C91BC942}") = "LkEngineEditor", "Engine\LkEngineEditor\LkEngineEditor.vcxproj", "{322C9F25-3B15-47D8-AB21-62F994063F71}"
EndProject
Global
	GlobalSection(SolutionConfigurationPlatforms) = preSolution
		Debug|x64 = Debug|x64
		Release|x64 = Release|x64
	EndGlobalSection
	GlobalSection(ProjectConfigurationPlatforms) = postSolution
		{322C9F25-3B15-47D8-AB21-62F994063F71}.Debug|x64.ActiveCfg = Debug|x64
		{322C9F25-3B15-47D8-AB21-62F994063F71}.Debug|x64.Build.0 = Debug|x64
		{322C9F25-3B15-47D8-AB21-62F994063F71}.Release|x64.ActiveCfg = Release|x64
		{322C9F25-3B15-47D8-AB21-62F994063F71}.Release|x64.Build.0 = Release|x64
	EndGlobalSection
	GlobalSection(SolutionProperties) = preSolution
		HideSolutionNode = FALSE
	EndGlobalSection
	GlobalSection(NestedProjects) = preSolution
		{C3D7BCA1-D62B-4140-BE91-C8B877603EEF} = {E874E0C9-031F-44E7-A191-2B0F542054C1}
		{322C9F25-3B15-47D8-AB21-62F994063F71} = {C3D7BCA1-D62B-4140-BE91-C8B877603EEF}
	EndGlobalSection
	GlobalSection(ExtensibilityGlobals) = postSolution
		SolutionGuid = {BF42D9BA-1187-4785-9D2A-7015100F14A0}
		Qt5Version = msvc2015_64
	EndGlobalSection
EndGlobal
