<?xml version="1.0" encoding="utf-8"?>
<Project ToolsVersion="4.0" xmlns="http://schemas.microsoft.com/developer/msbuild/2003">
  <ItemGroup>
    <Filter Include="Qt">
      <UniqueIdentifier>{23a1595d-3733-4a96-80d5-96abfa2d2a23}</UniqueIdentifier>
    </Filter>
    <Filter Include="D3D">
      <UniqueIdentifier>{af832177-1ee7-4003-ae5b-b4fc4c9c1702}</UniqueIdentifier>
    </Filter>
    <Filter Include="D3D\Framework">
      <UniqueIdentifier>{d54dc531-152a-4076-9845-bd7f92145d00}</UniqueIdentifier>
    </Filter>
    <Filter Include="D3D\Game">
      <UniqueIdentifier>{1a9d99a8-cae4-4057-9a87-61ba7350d842}</UniqueIdentifier>
    </Filter>
    <Filter Include="Qt\ChapterDockWidget">
      <UniqueIdentifier>{23876989-e846-4351-abfc-338a0f304ef8}</UniqueIdentifier>
    </Filter>
    <Filter Include="D3D\Game\Runtime">
      <UniqueIdentifier>{a0baa114-f806-42e5-95fd-70445d6d5cdb}</UniqueIdentifier>
    </Filter>
    <Filter Include="D3D\Game\GameObject">
      <UniqueIdentifier>{e058aae6-d4d2-438c-ad40-3f6238b02db9}</UniqueIdentifier>
    </Filter>
    <Filter Include="D3D\Game\SceneManager">
      <UniqueIdentifier>{d5d48298-b692-4969-8cb5-5c37c67b2a13}</UniqueIdentifier>
    </Filter>
    <Filter Include="D3D\Game\GameObject\Common">
      <UniqueIdentifier>{8898218b-fc07-4c58-a34c-d1915bffb841}</UniqueIdentifier>
    </Filter>
    <Filter Include="D3D\Shader">
      <UniqueIdentifier>{35f04dc2-c1a3-4b40-a58b-5b1409d0ced1}</UniqueIdentifier>
    </Filter>
    <Filter Include="D3D\Shader\Chapter 1">
      <UniqueIdentifier>{2c9bc6de-9df5-4910-b37f-d1913a20a88a}</UniqueIdentifier>
    </Filter>
    <Filter Include="D3D\Game\SceneManager\Interface">
      <UniqueIdentifier>{74d613d0-56b9-4c95-8549-91f059b9b744}</UniqueIdentifier>
    </Filter>
    <Filter Include="D3D\Shader\Chapter 2">
      <UniqueIdentifier>{7f87aa5f-1718-46d7-bc75-aae9e031f7c8}</UniqueIdentifier>
    </Filter>
    <Filter Include="D3D\Game\InputEvent">
      <UniqueIdentifier>{4d0acfae-1f4f-4eea-b89e-3f489c13f333}</UniqueIdentifier>
    </Filter>
    <Filter Include="D3D\Game\ListeningEvent">
      <UniqueIdentifier>{7b4c31ac-8d41-4f79-918b-d0bea7c8e1ac}</UniqueIdentifier>
    </Filter>
  </ItemGroup>
  <ItemGroup>
    <ClCompile Include="mainwindow.cpp">
      <Filter>Qt</Filter>
    </ClCompile>
    <ClCompile Include="d3d11renderwidget.cpp">
      <Filter>Qt</Filter>
    </ClCompile>
    <ClCompile Include="main.cpp" />
    <ClCompile Include="d3dApp.cpp">
      <Filter>D3D\Framework</Filter>
    </ClCompile>
    <ClCompile Include="GameTimer.cpp">
      <Filter>D3D\Framework</Filter>
    </ClCompile>
    <ClCompile Include="ChapterDockWidget.cpp">
      <Filter>Qt\ChapterDockWidget</Filter>
    </ClCompile>
    <ClCompile Include="gameApp.cpp">
      <Filter>D3D\Game\Runtime</Filter>
    </ClCompile>
    <ClCompile Include="Transform.cpp">
      <Filter>D3D\Game\GameObject\Common</Filter>
    </ClCompile>
    <ClCompile Include="Geometry.cpp">
      <Filter>D3D\Game\GameObject\Common</Filter>
    </ClCompile>
    <ClCompile Include="Chapter1Scene.cpp">
      <Filter>D3D\Game\SceneManager</Filter>
    </ClCompile>
    <ClCompile Include="Chapter2Scene.cpp">
      <Filter>D3D\Game\SceneManager</Filter>
    </ClCompile>
    <ClCompile Include="DDSTextureLoader.cpp">
      <Filter>D3D\Framework</Filter>
    </ClCompile>
    <ClCompile Include="DXTrace.cpp">
      <Filter>D3D\Framework</Filter>
    </ClCompile>
    <ClCompile Include="GameObject.cpp">
      <Filter>D3D\Game\GameObject</Filter>
    </ClCompile>
    <ClCompile Include="Camera.cpp">
      <Filter>D3D\Game\SceneManager</Filter>
    </ClCompile>
    <ClCompile Include="KeyBoard.cpp">
      <Filter>D3D\Game\InputEvent</Filter>
    </ClCompile>
    <ClCompile Include="Mouse.cpp">
      <Filter>D3D\Game\InputEvent</Filter>
    </ClCompile>
    <ClCompile Include="RenderStates.cpp">
      <Filter>D3D\Framework</Filter>
    </ClCompile>
    <ClCompile Include="Material.h">
      <Filter>D3D\Game\GameObject\Common</Filter>
    </ClCompile>
    <ClCompile Include="SceneInterface.cpp">
      <Filter>D3D\Game\SceneManager\Interface</Filter>
    </ClCompile>
    <ClCompile Include="ListeningEvent.cpp">
      <Filter>D3D\Game\ListeningEvent</Filter>
    </ClCompile>
  </ItemGroup>
  <ItemGroup>
    <QtMoc Include="mainwindow.h">
      <Filter>Qt</Filter>
    </QtMoc>
    <QtMoc Include="d3d11renderwidget.h">
      <Filter>Qt</Filter>
    </QtMoc>
    <QtMoc Include="ChapterDockWidget.h">
      <Filter>Qt\ChapterDockWidget</Filter>
    </QtMoc>
  </ItemGroup>
  <ItemGroup>
    <QtUic Include="mainwindow.ui">
      <Filter>Qt</Filter>
    </QtUic>
  </ItemGroup>
  <ItemGroup>
    <ClInclude Include="d3dApp.h">
      <Filter>D3D\Framework</Filter>
    </ClInclude>
    <ClInclude Include="d3dUtil.h">
      <Filter>D3D\Framework</Filter>
    </ClInclude>
    <ClInclude Include="GameTimer.h">
      <Filter>D3D\Framework</Filter>
    </ClInclude>
    <ClInclude Include="gameApp.h">
      <Filter>D3D\Game\Runtime</Filter>
    </ClInclude>
    <ClInclude Include="Transform.h">
      <Filter>D3D\Game\GameObject\Common</Filter>
    </ClInclude>
    <ClInclude Include="GameObject.h">
      <Filter>D3D\Game\GameObject</Filter>
    </ClInclude>
    <ClInclude Include="Geometry.h">
      <Filter>D3D\Game\GameObject\Common</Filter>
    </ClInclude>
    <ClInclude Include="Camera.h">
      <Filter>D3D\Game\SceneManager</Filter>
    </ClInclude>
    <ClInclude Include="SceneInterface.h">
      <Filter>D3D\Game\SceneManager\Interface</Filter>
    </ClInclude>
    <ClInclude Include="Chapter1Scene.h">
      <Filter>D3D\Game\SceneManager</Filter>
    </ClInclude>
    <ClInclude Include="SceneFactory.h">
      <Filter>D3D\Game\SceneManager\Interface</Filter>
    </ClInclude>
    <ClInclude Include="Chapter2Scene.h">
      <Filter>D3D\Game\SceneManager</Filter>
    </ClInclude>
    <ClInclude Include="DDSTextureLoader.h">
      <Filter>D3D\Framework</Filter>
    </ClInclude>
    <ClInclude Include="DXTrace.h">
      <Filter>D3D\Framework</Filter>
    </ClInclude>
    <ClInclude Include="KeyBoard.h">
      <Filter>D3D\Game\InputEvent</Filter>
    </ClInclude>
    <ClInclude Include="Mouse.h">
      <Filter>D3D\Game\InputEvent</Filter>
    </ClInclude>
    <ClInclude Include="RenderStates.h">
      <Filter>D3D\Framework</Filter>
    </ClInclude>
    <ClInclude Include="Light.h">
      <Filter>D3D\Game\GameObject\Common</Filter>
    </ClInclude>
    <ClInclude Include="ListeningEvent.h">
      <Filter>D3D\Game\ListeningEvent</Filter>
    </ClInclude>
  </ItemGroup>
  <ItemGroup>
    <FxCompile Include="Shader\Chapter 1\VS.hlsl">
      <Filter>D3D\Shader\Chapter 1</Filter>
    </FxCompile>
    <FxCompile Include="Shader\Chapter 1\PS.hlsl">
      <Filter>D3D\Shader\Chapter 1</Filter>
    </FxCompile>
    <FxCompile Include="Shader\Chapter 2\PS.hlsl">
      <Filter>D3D\Shader\Chapter 2</Filter>
    </FxCompile>
    <FxCompile Include="Shader\Chapter 2\VS.hlsl">
      <Filter>D3D\Shader\Chapter 2</Filter>
    </FxCompile>
  </ItemGroup>
  <ItemGroup>
    <None Include="Shader\Chapter 1\Common.hlsli">
      <Filter>D3D\Shader\Chapter 1</Filter>
    </None>
    <None Include="Shader\Chapter 2\Common.hlsli">
      <Filter>D3D\Shader\Chapter 2</Filter>
    </None>
    <None Include="LightHelper.hlsli">
      <Filter>D3D\Shader\Chapter 2</Filter>
    </None>
  </ItemGroup>
</Project>