<?xml version="1.0" encoding="utf-8"?>
<Project ToolsVersion="4.0" xmlns="http://schemas.microsoft.com/developer/msbuild/2003">
  <ItemGroup>
    <Filter Include="Qt">
      <UniqueIdentifier>{23a1595d-3733-4a96-80d5-96abfa2d2a23}</UniqueIdentifier>
    </Filter>
    <Filter Include="D3D">
      <UniqueIdentifier>{af832177-1ee7-4003-ae5b-b4fc4c9c1702}</UniqueIdentifier>
    </Filter>
    <Filter Include="D3D\Framework">
      <UniqueIdentifier>{d54dc531-152a-4076-9845-bd7f92145d00}</UniqueIdentifier>
    </Filter>
    <Filter Include="D3D\Game">
      <UniqueIdentifier>{1a9d99a8-cae4-4057-9a87-61ba7350d842}</UniqueIdentifier>
    </Filter>
    <Filter Include="Qt\ChapterDockWidget">
      <UniqueIdentifier>{23876989-e846-4351-abfc-338a0f304ef8}</UniqueIdentifier>
    </Filter>
    <Filter Include="D3D\Game\Runtime">
      <UniqueIdentifier>{a0baa114-f806-42e5-95fd-70445d6d5cdb}</UniqueIdentifier>
    </Filter>
    <Filter Include="D3D\Game\GameObject">
      <UniqueIdentifier>{e058aae6-d4d2-438c-ad40-3f6238b02db9}</UniqueIdentifier>
    </Filter>
    <Filter Include="D3D\Game\GameObject\Common">
      <UniqueIdentifier>{8898218b-fc07-4c58-a34c-d1915bffb841}</UniqueIdentifier>
    </Filter>
    <Filter Include="D3D\Game\GameObject\Model">
      <UniqueIdentifier>{6c528bb3-13c0-4702-932b-ecb5ff14b7e5}</UniqueIdentifier>
    </Filter>
    <Filter Include="D3D\Game\GameObject\Camera">
      <UniqueIdentifier>{31201827-48aa-490b-8743-606c6833072f}</UniqueIdentifier>
    </Filter>
    <Filter Include="D3D\Game\Collision">
      <UniqueIdentifier>{1f627aae-0e65-4674-b6e5-bc4d6792bb49}</UniqueIdentifier>
    </Filter>
    <Filter Include="D3D\Game\Event">
      <UniqueIdentifier>{b02f8c59-b4b6-4996-994d-30f3503e06fb}</UniqueIdentifier>
    </Filter>
    <Filter Include="D3D\Game\Event\InputEvent">
      <UniqueIdentifier>{4d0acfae-1f4f-4eea-b89e-3f489c13f333}</UniqueIdentifier>
    </Filter>
    <Filter Include="D3D\Game\Event\ListeningEvent">
      <UniqueIdentifier>{7b4c31ac-8d41-4f79-918b-d0bea7c8e1ac}</UniqueIdentifier>
    </Filter>
    <Filter Include="D3D\Game\Shader">
      <UniqueIdentifier>{35f04dc2-c1a3-4b40-a58b-5b1409d0ced1}</UniqueIdentifier>
    </Filter>
    <Filter Include="D3D\Game\Shader\Chapter 1">
      <UniqueIdentifier>{2c9bc6de-9df5-4910-b37f-d1913a20a88a}</UniqueIdentifier>
    </Filter>
    <Filter Include="D3D\Game\Shader\Chapter 2">
      <UniqueIdentifier>{7f87aa5f-1718-46d7-bc75-aae9e031f7c8}</UniqueIdentifier>
    </Filter>
    <Filter Include="D3D\Game\Shader\Chapter 3">
      <UniqueIdentifier>{0daf7245-690c-4a61-b7c0-deac630d66bd}</UniqueIdentifier>
    </Filter>
    <Filter Include="D3D\Game\Shader\Chapter 4">
      <UniqueIdentifier>{81b0faad-7f1b-4c0f-be22-e1618fcacd40}</UniqueIdentifier>
    </Filter>
    <Filter Include="D3D\Game\Shader\Chpater 6">
      <UniqueIdentifier>{ef7fdddf-bb96-4f30-9ddb-ef7971d45bda}</UniqueIdentifier>
    </Filter>
    <Filter Include="D3D\Game\Shader\Chpater 5">
      <UniqueIdentifier>{69876e97-646d-4ea2-ad84-c6911b9a583c}</UniqueIdentifier>
    </Filter>
    <Filter Include="D3D\Game\Shader\Chpater 7">
      <UniqueIdentifier>{8fc1bac6-869f-452f-ae9c-3be1f9a9c20e}</UniqueIdentifier>
    </Filter>
    <Filter Include="D3D\Game\Shader\Chpater 8">
      <UniqueIdentifier>{05cf23d7-6e99-4815-ace0-a0239c9fa438}</UniqueIdentifier>
    </Filter>
    <Filter Include="D3D\Game\Shader\Chpater 9">
      <UniqueIdentifier>{84192bf4-d8bd-45f1-a784-ed31791f94ed}</UniqueIdentifier>
    </Filter>
    <Filter Include="D3D\Game\Shader\SkyBox">
      <UniqueIdentifier>{741e91b5-6927-49b6-926d-354b306ad037}</UniqueIdentifier>
    </Filter>
    <Filter Include="Qt\mainwindow">
      <UniqueIdentifier>{d7044512-b67a-4487-b626-7b57dd880df5}</UniqueIdentifier>
    </Filter>
    <Filter Include="Qt\d3d11renderwidget">
      <UniqueIdentifier>{62e534aa-92d2-451e-af12-22feddfc24db}</UniqueIdentifier>
    </Filter>
    <Filter Include="D3D\Game\GameObject\SkyBox">
      <UniqueIdentifier>{8e14f365-3a9b-485c-9a57-2a03d9e2b706}</UniqueIdentifier>
    </Filter>
    <Filter Include="Qt\ChapterDockWidget\Interface">
      <UniqueIdentifier>{f2ea78f9-a369-444d-a699-fb0939905125}</UniqueIdentifier>
    </Filter>
    <Filter Include="D3D\Game\Shader\Chpater 10">
      <UniqueIdentifier>{05529bef-7aad-4097-a460-21b5a270562d}</UniqueIdentifier>
    </Filter>
    <Filter Include="D3D\Game\Service">
      <UniqueIdentifier>{176797c8-f276-4d98-850f-89fde72587f1}</UniqueIdentifier>
    </Filter>
    <Filter Include="D3D\Game\Reflection">
      <UniqueIdentifier>{da51a4d6-ee76-4f20-9290-6b07f06f6347}</UniqueIdentifier>
    </Filter>
    <Filter Include="D3D\Game\Manager">
      <UniqueIdentifier>{6bea2355-6475-4620-8394-165ee3073aa9}</UniqueIdentifier>
    </Filter>
    <Filter Include="D3D\Game\Manager\Interface">
      <UniqueIdentifier>{5ed7439e-868e-4224-95e8-570033133695}</UniqueIdentifier>
    </Filter>
    <Filter Include="D3D\Game\Manager\CameraManager">
      <UniqueIdentifier>{098c63db-cd7e-4e90-a999-f9f5b815973c}</UniqueIdentifier>
    </Filter>
    <Filter Include="D3D\Game\Manager\EffectManager">
      <UniqueIdentifier>{8cfd05f9-0dd5-4e5a-8bec-fbba5ec6c7ca}</UniqueIdentifier>
    </Filter>
    <Filter Include="D3D\Game\Scene">
      <UniqueIdentifier>{d5d48298-b692-4969-8cb5-5c37c67b2a13}</UniqueIdentifier>
    </Filter>
    <Filter Include="D3D\Game\Scene\Interface">
      <UniqueIdentifier>{74d613d0-56b9-4c95-8549-91f059b9b744}</UniqueIdentifier>
    </Filter>
    <Filter Include="D3D\Game\Scene\Scene">
      <UniqueIdentifier>{234483c9-3cae-40ba-80e6-557fb45d1fef}</UniqueIdentifier>
    </Filter>
  </ItemGroup>
  <ItemGroup>
    <ClCompile Include="main.cpp" />
    <ClCompile Include="d3dApp.cpp">
      <Filter>D3D\Framework</Filter>
    </ClCompile>
    <ClCompile Include="GameTimer.cpp">
      <Filter>D3D\Framework</Filter>
    </ClCompile>
    <ClCompile Include="gameApp.cpp">
      <Filter>D3D\Game\Runtime</Filter>
    </ClCompile>
    <ClCompile Include="Transform.cpp">
      <Filter>D3D\Game\GameObject\Common</Filter>
    </ClCompile>
    <ClCompile Include="Geometry.cpp">
      <Filter>D3D\Game\GameObject\Common</Filter>
    </ClCompile>
    <ClCompile Include="DDSTextureLoader.cpp">
      <Filter>D3D\Framework</Filter>
    </ClCompile>
    <ClCompile Include="DXTrace.cpp">
      <Filter>D3D\Framework</Filter>
    </ClCompile>
    <ClCompile Include="KeyBoard.cpp">
      <Filter>D3D\Game\Event\InputEvent</Filter>
    </ClCompile>
    <ClCompile Include="Mouse.cpp">
      <Filter>D3D\Game\Event\InputEvent</Filter>
    </ClCompile>
    <ClCompile Include="RenderStates.cpp">
      <Filter>D3D\Framework</Filter>
    </ClCompile>
    <ClCompile Include="Material.h">
      <Filter>D3D\Game\GameObject\Common</Filter>
    </ClCompile>
    <ClCompile Include="SceneInterface.cpp">
      <Filter>D3D\Game\Scene\Interface</Filter>
    </ClCompile>
    <ClCompile Include="WICTextureLoader.cpp">
      <Filter>D3D\Framework</Filter>
    </ClCompile>
    <ClCompile Include="ObjReader.cpp">
      <Filter>D3D\Game\GameObject\Model</Filter>
    </ClCompile>
    <ClCompile Include="GameObject.cpp">
      <Filter>D3D\Game\GameObject\Common</Filter>
    </ClCompile>
    <ClCompile Include="ModelObject.cpp">
      <Filter>D3D\Game\GameObject\Model</Filter>
    </ClCompile>
    <ClCompile Include="Camera.cpp">
      <Filter>D3D\Game\GameObject\Camera</Filter>
    </ClCompile>
    <ClCompile Include="Ray.cpp">
      <Filter>D3D\Game\Collision</Filter>
    </ClCompile>
    <ClCompile Include="Chapter1Scene.cpp">
      <Filter>D3D\Game\Scene\Scene</Filter>
    </ClCompile>
    <ClCompile Include="Chapter2Scene.cpp">
      <Filter>D3D\Game\Scene\Scene</Filter>
    </ClCompile>
    <ClCompile Include="Chapter3Scene.cpp">
      <Filter>D3D\Game\Scene\Scene</Filter>
    </ClCompile>
    <ClCompile Include="Chapter4Scene.cpp">
      <Filter>D3D\Game\Scene\Scene</Filter>
    </ClCompile>
    <ClCompile Include="Chapter5Scene.cpp">
      <Filter>D3D\Game\Scene\Scene</Filter>
    </ClCompile>
    <ClCompile Include="Chapter6Scene.cpp">
      <Filter>D3D\Game\Scene\Scene</Filter>
    </ClCompile>
    <ClCompile Include="Chapter7Scene.cpp">
      <Filter>D3D\Game\Scene\Scene</Filter>
    </ClCompile>
    <ClCompile Include="Chapter8Scene.cpp">
      <Filter>D3D\Game\Scene\Scene</Filter>
    </ClCompile>
    <ClCompile Include="Chapter9Scene.cpp">
      <Filter>D3D\Game\Scene\Scene</Filter>
    </ClCompile>
    <ClCompile Include="d3dUtil.cpp">
      <Filter>D3D\Framework</Filter>
    </ClCompile>
    <ClCompile Include="mainwindow.cpp">
      <Filter>Qt\mainwindow</Filter>
    </ClCompile>
    <ClCompile Include="d3d11renderwidget.cpp">
      <Filter>Qt\d3d11renderwidget</Filter>
    </ClCompile>
    <ClCompile Include="SceneShader.cpp">
      <Filter>D3D\Game\Scene\Interface</Filter>
    </ClCompile>
    <ClCompile Include="SkyBox.cpp">
      <Filter>D3D\Game\GameObject\SkyBox</Filter>
    </ClCompile>
    <ClCompile Include="ChapterDockWidgetInterface.cpp">
      <Filter>Qt\ChapterDockWidget\Interface</Filter>
    </ClCompile>
    <ClCompile Include="Chapter1DockWidget.cpp">
      <Filter>Qt\ChapterDockWidget</Filter>
    </ClCompile>
    <ClCompile Include="Chapter2DockWidget.cpp">
      <Filter>Qt\ChapterDockWidget</Filter>
    </ClCompile>
    <ClCompile Include="EventManager.cpp">
      <Filter>D3D\Game\Event\ListeningEvent</Filter>
    </ClCompile>
    <ClCompile Include="Chapter3DockWidget.cpp">
      <Filter>Qt\ChapterDockWidget</Filter>
    </ClCompile>
    <ClCompile Include="Chapter4DockWidget.cpp">
      <Filter>Qt\ChapterDockWidget</Filter>
    </ClCompile>
    <ClCompile Include="Chapter5DockWidget.cpp">
      <Filter>Qt\ChapterDockWidget</Filter>
    </ClCompile>
    <ClCompile Include="Chapter6DockWidget.cpp">
      <Filter>Qt\ChapterDockWidget</Filter>
    </ClCompile>
    <ClCompile Include="Chapter7DockWidget.cpp">
      <Filter>Qt\ChapterDockWidget</Filter>
    </ClCompile>
    <ClCompile Include="Chapter8DockWidget.cpp">
      <Filter>Qt\ChapterDockWidget</Filter>
    </ClCompile>
    <ClCompile Include="Chapter9DockWidget.cpp">
      <Filter>Qt\ChapterDockWidget</Filter>
    </ClCompile>
    <ClCompile Include="Chapter10Scene.cpp">
      <Filter>D3D\Game\Scene\Scene</Filter>
    </ClCompile>
    <ClCompile Include="Chapter10DockWidget.cpp">
      <Filter>Qt\ChapterDockWidget</Filter>
    </ClCompile>
    <ClCompile Include="AssimpModelObject.cpp">
      <Filter>D3D\Game\GameObject\Model</Filter>
    </ClCompile>
    <ClCompile Include="Service.cpp">
      <Filter>D3D\Game\Service</Filter>
    </ClCompile>
    <ClCompile Include="CameraFly.cpp">
      <Filter>D3D\Game\Manager\CameraManager</Filter>
    </ClCompile>
    <ClCompile Include="CameraManager.cpp">
      <Filter>D3D\Game\Manager\CameraManager</Filter>
    </ClCompile>
    <ClCompile Include="EffectManager.cpp">
      <Filter>D3D\Game\Manager\EffectManager</Filter>
    </ClCompile>
  </ItemGroup>
  <ItemGroup>
    <QtMoc Include="mainwindow.h">
      <Filter>Qt\mainwindow</Filter>
    </QtMoc>
    <QtMoc Include="d3d11renderwidget.h">
      <Filter>Qt\d3d11renderwidget</Filter>
    </QtMoc>
    <QtMoc Include="ChapterDockWidgetInterface.h">
      <Filter>Qt\ChapterDockWidget\Interface</Filter>
    </QtMoc>
  </ItemGroup>
  <ItemGroup>
    <ClInclude Include="d3dApp.h">
      <Filter>D3D\Framework</Filter>
    </ClInclude>
    <ClInclude Include="d3dUtil.h">
      <Filter>D3D\Framework</Filter>
    </ClInclude>
    <ClInclude Include="GameTimer.h">
      <Filter>D3D\Framework</Filter>
    </ClInclude>
    <ClInclude Include="gameApp.h">
      <Filter>D3D\Game\Runtime</Filter>
    </ClInclude>
    <ClInclude Include="Transform.h">
      <Filter>D3D\Game\GameObject\Common</Filter>
    </ClInclude>
    <ClInclude Include="Geometry.h">
      <Filter>D3D\Game\GameObject\Common</Filter>
    </ClInclude>
    <ClInclude Include="SceneInterface.h">
      <Filter>D3D\Game\Scene\Interface</Filter>
    </ClInclude>
    <ClInclude Include="SceneFactory.h">
      <Filter>D3D\Game\Scene\Interface</Filter>
    </ClInclude>
    <ClInclude Include="DDSTextureLoader.h">
      <Filter>D3D\Framework</Filter>
    </ClInclude>
    <ClInclude Include="DXTrace.h">
      <Filter>D3D\Framework</Filter>
    </ClInclude>
    <ClInclude Include="KeyBoard.h">
      <Filter>D3D\Game\Event\InputEvent</Filter>
    </ClInclude>
    <ClInclude Include="Mouse.h">
      <Filter>D3D\Game\Event\InputEvent</Filter>
    </ClInclude>
    <ClInclude Include="RenderStates.h">
      <Filter>D3D\Framework</Filter>
    </ClInclude>
    <ClInclude Include="Light.h">
      <Filter>D3D\Game\GameObject\Common</Filter>
    </ClInclude>
    <ClInclude Include="WICTextureLoader.h">
      <Filter>D3D\Framework</Filter>
    </ClInclude>
    <ClInclude Include="ObjReader.h">
      <Filter>D3D\Game\GameObject\Model</Filter>
    </ClInclude>
    <ClInclude Include="GameObject.h">
      <Filter>D3D\Game\GameObject\Common</Filter>
    </ClInclude>
    <ClInclude Include="ModelObject.h">
      <Filter>D3D\Game\GameObject\Model</Filter>
    </ClInclude>
    <ClInclude Include="Camera.h">
      <Filter>D3D\Game\GameObject\Camera</Filter>
    </ClInclude>
    <ClInclude Include="Ray.h">
      <Filter>D3D\Game\Collision</Filter>
    </ClInclude>
    <ClInclude Include="Chapter1Scene.h">
      <Filter>D3D\Game\Scene\Scene</Filter>
    </ClInclude>
    <ClInclude Include="Chapter2Scene.h">
      <Filter>D3D\Game\Scene\Scene</Filter>
    </ClInclude>
    <ClInclude Include="Chapter3Scene.h">
      <Filter>D3D\Game\Scene\Scene</Filter>
    </ClInclude>
    <ClInclude Include="Chapter4Scene.h">
      <Filter>D3D\Game\Scene\Scene</Filter>
    </ClInclude>
    <ClInclude Include="Chapter5Scene.h">
      <Filter>D3D\Game\Scene\Scene</Filter>
    </ClInclude>
    <ClInclude Include="Chapter6Scene.h">
      <Filter>D3D\Game\Scene\Scene</Filter>
    </ClInclude>
    <ClInclude Include="Chapter7Scene.h">
      <Filter>D3D\Game\Scene\Scene</Filter>
    </ClInclude>
    <ClInclude Include="Chapter8Scene.h">
      <Filter>D3D\Game\Scene\Scene</Filter>
    </ClInclude>
    <ClInclude Include="Chapter9Scene.h">
      <Filter>D3D\Game\Scene\Scene</Filter>
    </ClInclude>
    <ClInclude Include="SceneShader.h">
      <Filter>D3D\Game\Scene\Interface</Filter>
    </ClInclude>
    <ClInclude Include="SkyBox.h">
      <Filter>D3D\Game\GameObject\SkyBox</Filter>
    </ClInclude>
    <ClInclude Include="Chapter1DockWidget.h">
      <Filter>Qt\ChapterDockWidget</Filter>
    </ClInclude>
    <ClInclude Include="Chapter2DockWidget.h">
      <Filter>Qt\ChapterDockWidget</Filter>
    </ClInclude>
    <ClInclude Include="EventManager.h">
      <Filter>D3D\Game\Event\ListeningEvent</Filter>
    </ClInclude>
    <ClInclude Include="Chapter3DockWidget.h">
      <Filter>Qt\ChapterDockWidget</Filter>
    </ClInclude>
    <ClInclude Include="Chapter4DockWidget.h">
      <Filter>Qt\ChapterDockWidget</Filter>
    </ClInclude>
    <ClInclude Include="Chapter5DockWidget.h">
      <Filter>Qt\ChapterDockWidget</Filter>
    </ClInclude>
    <ClInclude Include="Chapter6DockWidget.h">
      <Filter>Qt\ChapterDockWidget</Filter>
    </ClInclude>
    <ClInclude Include="Chapter7DockWidget.h">
      <Filter>Qt\ChapterDockWidget</Filter>
    </ClInclude>
    <ClInclude Include="Chapter9DockWidget.h">
      <Filter>Qt\ChapterDockWidget</Filter>
    </ClInclude>
    <ClInclude Include="Chapter8DockWidget.h">
      <Filter>Qt\ChapterDockWidget</Filter>
    </ClInclude>
    <ClInclude Include="Chapter10Scene.h">
      <Filter>D3D\Game\Scene\Scene</Filter>
    </ClInclude>
    <ClInclude Include="Chapter10DockWidget.h">
      <Filter>Qt\ChapterDockWidget</Filter>
    </ClInclude>
    <ClInclude Include="AssimpModelObject.h">
      <Filter>D3D\Game\GameObject\Model</Filter>
    </ClInclude>
    <ClInclude Include="Service.h">
      <Filter>D3D\Game\Service</Filter>
    </ClInclude>
    <ClInclude Include="Reflection.h">
      <Filter>D3D\Game\Reflection</Filter>
    </ClInclude>
    <ClInclude Include="ManagerInterface.h">
      <Filter>D3D\Game\Manager\Interface</Filter>
    </ClInclude>
    <ClInclude Include="CameraFly.h">
      <Filter>D3D\Game\Manager\CameraManager</Filter>
    </ClInclude>
    <ClInclude Include="CameraManager.h">
      <Filter>D3D\Game\Manager\CameraManager</Filter>
    </ClInclude>
    <ClInclude Include="EffectManager.h">
      <Filter>D3D\Game\Manager\EffectManager</Filter>
    </ClInclude>
  </ItemGroup>
  <ItemGroup>
    <FxCompile Include="Shader\Chapter 1\VS.hlsl">
      <Filter>D3D\Game\Shader\Chapter 1</Filter>
    </FxCompile>
    <FxCompile Include="Shader\Chapter 1\PS.hlsl">
      <Filter>D3D\Game\Shader\Chapter 1</Filter>
    </FxCompile>
    <FxCompile Include="Shader\Chapter 2\PS.hlsl">
      <Filter>D3D\Game\Shader\Chapter 2</Filter>
    </FxCompile>
    <FxCompile Include="Shader\Chapter 2\VS.hlsl">
      <Filter>D3D\Game\Shader\Chapter 2</Filter>
    </FxCompile>
    <FxCompile Include="Shader\Chapter 3\PS.hlsl">
      <Filter>D3D\Game\Shader\Chapter 3</Filter>
    </FxCompile>
    <FxCompile Include="Shader\Chapter 3\VS.hlsl">
      <Filter>D3D\Game\Shader\Chapter 3</Filter>
    </FxCompile>
    <FxCompile Include="Shader\Chapter 4\PS.hlsl">
      <Filter>D3D\Game\Shader\Chapter 4</Filter>
    </FxCompile>
    <FxCompile Include="Shader\Chapter 4\VS.hlsl">
      <Filter>D3D\Game\Shader\Chapter 4</Filter>
    </FxCompile>
    <FxCompile Include="Shader\Chapter 5\PS.hlsl">
      <Filter>D3D\Game\Shader\Chpater 5</Filter>
    </FxCompile>
    <FxCompile Include="Shader\Chapter 5\VS.hlsl">
      <Filter>D3D\Game\Shader\Chpater 5</Filter>
    </FxCompile>
    <FxCompile Include="Shader\Chapter 6\PS.hlsl">
      <Filter>D3D\Game\Shader\Chpater 6</Filter>
    </FxCompile>
    <FxCompile Include="Shader\Chapter 6\VS.hlsl">
      <Filter>D3D\Game\Shader\Chpater 6</Filter>
    </FxCompile>
    <FxCompile Include="Shader\Chapter 7\PS.hlsl">
      <Filter>D3D\Game\Shader\Chpater 7</Filter>
    </FxCompile>
    <FxCompile Include="Shader\Chapter 7\VS.hlsl">
      <Filter>D3D\Game\Shader\Chpater 7</Filter>
    </FxCompile>
    <FxCompile Include="Shader\Chapter 8\PS.hlsl">
      <Filter>D3D\Game\Shader\Chpater 8</Filter>
    </FxCompile>
    <FxCompile Include="Shader\Chapter 8\VS.hlsl">
      <Filter>D3D\Game\Shader\Chpater 8</Filter>
    </FxCompile>
    <FxCompile Include="Shader\Chapter 9\PS.hlsl">
      <Filter>D3D\Game\Shader\Chpater 9</Filter>
    </FxCompile>
    <FxCompile Include="Shader\Chapter 9\VS.hlsl">
      <Filter>D3D\Game\Shader\Chpater 9</Filter>
    </FxCompile>
    <FxCompile Include="Shader\SkyBox\SkyBoxPS.hlsl">
      <Filter>D3D\Game\Shader\SkyBox</Filter>
    </FxCompile>
    <FxCompile Include="Shader\SkyBox\SkyBoxVS.hlsl">
      <Filter>D3D\Game\Shader\SkyBox</Filter>
    </FxCompile>
    <FxCompile Include="Shader\Chapter 10\PS.hlsl">
      <Filter>D3D\Game\Shader\Chpater 10</Filter>
    </FxCompile>
    <FxCompile Include="Shader\Chapter 10\VS.hlsl">
      <Filter>D3D\Game\Shader\Chpater 10</Filter>
    </FxCompile>
    <FxCompile Include="Shader\Chapter 10\NormalMapPS.hlsl">
      <Filter>D3D\Game\Shader\Chpater 10</Filter>
    </FxCompile>
    <FxCompile Include="Shader\Chapter 10\NormalMapVS.hlsl">
      <Filter>D3D\Game\Shader\Chpater 10</Filter>
    </FxCompile>
    <FxCompile Include="Shader\Chapter 1\GS.hlsl">
      <Filter>D3D\Game\Shader\Chapter 1</Filter>
    </FxCompile>
  </ItemGroup>
  <ItemGroup>
    <None Include="Shader\Chapter 1\Common.hlsli">
      <Filter>D3D\Game\Shader\Chapter 1</Filter>
    </None>
    <None Include="Shader\Chapter 2\Common.hlsli">
      <Filter>D3D\Game\Shader\Chapter 2</Filter>
    </None>
    <None Include="LightHelper.hlsli">
      <Filter>D3D\Game\Shader\Chapter 2</Filter>
    </None>
    <None Include="Shader\Chapter 3\Common.hlsli">
      <Filter>D3D\Game\Shader\Chapter 3</Filter>
    </None>
    <None Include="Shader\Chapter 3\LightHelper.hlsli">
      <Filter>D3D\Game\Shader\Chapter 3</Filter>
    </None>
    <None Include="Shader\Chapter 4\Common.hlsli">
      <Filter>D3D\Game\Shader\Chapter 4</Filter>
    </None>
    <None Include="Shader\Chapter 4\LightHelper.hlsli">
      <Filter>D3D\Game\Shader\Chapter 4</Filter>
    </None>
    <None Include="Shader\Chapter 5\Common.hlsli">
      <Filter>D3D\Game\Shader\Chpater 5</Filter>
    </None>
    <None Include="Shader\Chapter 5\LightHelper.hlsli">
      <Filter>D3D\Game\Shader\Chpater 5</Filter>
    </None>
    <None Include="Shader\Chapter 6\Common.hlsli">
      <Filter>D3D\Game\Shader\Chpater 6</Filter>
    </None>
    <None Include="Shader\Chapter 7\Common.hlsli">
      <Filter>D3D\Game\Shader\Chpater 7</Filter>
    </None>
    <None Include="Shader\Chapter 7\LightHelper.hlsli">
      <Filter>D3D\Game\Shader\Chpater 7</Filter>
    </None>
    <None Include="Shader\Chapter 8\Common.hlsli">
      <Filter>D3D\Game\Shader\Chpater 8</Filter>
    </None>
    <None Include="Shader\Chapter 8\LightHelper.hlsli">
      <Filter>D3D\Game\Shader\Chpater 8</Filter>
    </None>
    <None Include="Shader\Chapter 9\Common.hlsli">
      <Filter>D3D\Game\Shader\Chpater 9</Filter>
    </None>
    <None Include="Shader\Chapter 9\LightHelper.hlsli">
      <Filter>D3D\Game\Shader\Chpater 9</Filter>
    </None>
    <None Include="Shader\SkyBox\SkyBox.hlsli">
      <Filter>D3D\Game\Shader\SkyBox</Filter>
    </None>
    <None Include="Shader\Chapter 10\Common.hlsli">
      <Filter>D3D\Game\Shader\Chpater 10</Filter>
    </None>
    <None Include="Shader\Chapter 10\LightHelper.hlsli">
      <Filter>D3D\Game\Shader\Chpater 10</Filter>
    </None>
  </ItemGroup>
  <ItemGroup>
    <QtUic Include="mainwindow.ui">
      <Filter>Qt\mainwindow</Filter>
    </QtUic>
  </ItemGroup>
</Project>