<?xml version="1.0" encoding="utf-8"?>
<Project ToolsVersion="4.0" xmlns="http://schemas.microsoft.com/developer/msbuild/2003">
  <ItemGroup>
    <Filter Include="Core">
      <UniqueIdentifier>{93995380-89BD-4b04-88EB-625FBE52EBFB}</UniqueIdentifier>
      <Extensions>h;hh;hpp;hxx;hm;inl;inc;ipp;xsd</Extensions>
    </Filter>
    <Filter Include="Core\base">
      <UniqueIdentifier>{89abef87-6e44-4f8f-8771-eb252b1a2b12}</UniqueIdentifier>
    </Filter>
    <Filter Include="Core\log">
      <UniqueIdentifier>{3d62d17f-d522-465e-ac00-068c3a83be17}</UniqueIdentifier>
    </Filter>
    <Filter Include="Core\engine">
      <UniqueIdentifier>{9f0b1980-2829-44a0-b95d-6995f3f50fbd}</UniqueIdentifier>
    </Filter>
    <Filter Include="Asset">
      <UniqueIdentifier>{c103a0b7-0f85-40bd-8e19-67b5c02ada16}</UniqueIdentifier>
    </Filter>
    <Filter Include="Scene">
      <UniqueIdentifier>{e06d1fa5-ab9c-46d0-b91d-6854fa65f171}</UniqueIdentifier>
    </Filter>
    <Filter Include="Scene\Component">
      <UniqueIdentifier>{db4b97a8-a1f9-43de-9bd3-b73514c0750e}</UniqueIdentifier>
    </Filter>
    <Filter Include="Scene\Component\Common">
      <UniqueIdentifier>{69544583-85b3-48d3-ad6f-ebebdf01f43b}</UniqueIdentifier>
    </Filter>
    <Filter Include="Scene\Component\Interface">
      <UniqueIdentifier>{a56f7a45-c1c7-4af2-8d27-b872248f6f2f}</UniqueIdentifier>
    </Filter>
    <Filter Include="Scene\Component\Camera">
      <UniqueIdentifier>{e10592d6-8937-4045-bcea-3a74c3a790d4}</UniqueIdentifier>
    </Filter>
    <Filter Include="Scene\Shader">
      <UniqueIdentifier>{83c04448-9b7f-4db4-8c6d-8f82f69085c1}</UniqueIdentifier>
    </Filter>
    <Filter Include="Core\Event">
      <UniqueIdentifier>{5a5f3b09-fc58-48f8-8795-28a084ecad85}</UniqueIdentifier>
    </Filter>
    <Filter Include="Scene\Shader\SkyBoxComponent">
      <UniqueIdentifier>{a4f4077e-7f7a-4e8c-a5c8-415d6f646073}</UniqueIdentifier>
    </Filter>
    <Filter Include="Scene\Shader\BasicPrimitive">
      <UniqueIdentifier>{4d09b761-23d2-414a-a207-adeea9913ec1}</UniqueIdentifier>
    </Filter>
    <Filter Include="Core\collision">
      <UniqueIdentifier>{1ea4aab8-a8a2-4e47-872a-d6d63788cc7a}</UniqueIdentifier>
    </Filter>
    <Filter Include="Scene\Shader\ScreenPixelFixedImage">
      <UniqueIdentifier>{27e20ab6-4262-466f-a3e6-70d78d269901}</UniqueIdentifier>
    </Filter>
    <Filter Include="Scene\Shader\FlatPixelFixedImage">
      <UniqueIdentifier>{bbdad7a1-fc54-4ddc-b826-a25b5641eea3}</UniqueIdentifier>
    </Filter>
    <Filter Include="Core\serialization">
      <UniqueIdentifier>{88f22cb5-8a02-4166-a3b2-d72fee959e72}</UniqueIdentifier>
    </Filter>
    <Filter Include="Core\Network Request">
      <UniqueIdentifier>{49098848-2e1b-4bc5-ac1a-8eb02b64a3df}</UniqueIdentifier>
    </Filter>
    <Filter Include="Scene\Component\Effect">
      <UniqueIdentifier>{cdfa5be2-edc3-4f23-a27b-222fe31a0ce2}</UniqueIdentifier>
    </Filter>
    <Filter Include="Scene\Component\Model">
      <UniqueIdentifier>{33ddb374-ad25-4de6-996e-84bba2e07ed5}</UniqueIdentifier>
    </Filter>
    <Filter Include="Scene\Pick">
      <UniqueIdentifier>{65011954-d969-4c3d-ad0a-da857370b295}</UniqueIdentifier>
    </Filter>
    <Filter Include="Scene\Shader\ModelComponent">
      <UniqueIdentifier>{85303f47-d581-4c23-9237-6a484b265d99}</UniqueIdentifier>
    </Filter>
    <Filter Include="Scene\Component\Effect\BasicPrimitive">
      <UniqueIdentifier>{6cdf57f5-6a90-488f-bef1-9a15148f851c}</UniqueIdentifier>
    </Filter>
    <Filter Include="Scene\Component\Effect\skybox">
      <UniqueIdentifier>{dfe3668c-e7a5-4967-90e6-8d4f4d01ef3b}</UniqueIdentifier>
    </Filter>
    <Filter Include="Scene\Component\Effect\image">
      <UniqueIdentifier>{746140f3-16fa-41cd-a7bf-fdc31ca810a2}</UniqueIdentifier>
    </Filter>
    <Filter Include="Scene\Component\Effect\axis">
      <UniqueIdentifier>{ac895bcb-972c-42a4-a3ea-9991bc2166ff}</UniqueIdentifier>
    </Filter>
  </ItemGroup>
  <ItemGroup>
    <ClInclude Include="Core\base\SingletonInterface.h">
      <Filter>Core\base</Filter>
    </ClInclude>
    <ClInclude Include="Core\base\Utility.h">
      <Filter>Core\base</Filter>
    </ClInclude>
    <ClInclude Include="Core\log\LogManager.h">
      <Filter>Core\log</Filter>
    </ClInclude>
    <ClInclude Include="Core\engine\Engine.h">
      <Filter>Core\engine</Filter>
    </ClInclude>
    <ClInclude Include="Core\engine\GameTimer.h">
      <Filter>Core\engine</Filter>
    </ClInclude>
    <ClInclude Include="Asset\AssetManager.h">
      <Filter>Asset</Filter>
    </ClInclude>
    <ClInclude Include="Scene\SceneManager.h">
      <Filter>Scene</Filter>
    </ClInclude>
    <ClInclude Include="Scene\Component\Common\Light.h">
      <Filter>Scene\Component\Common</Filter>
    </ClInclude>
    <ClInclude Include="Scene\Component\Common\Material.h">
      <Filter>Scene\Component\Common</Filter>
    </ClInclude>
    <ClInclude Include="Scene\Component\Common\Transform.h">
      <Filter>Scene\Component\Common</Filter>
    </ClInclude>
    <ClInclude Include="Scene\Component\Interface\ComponentInterface.h">
      <Filter>Scene\Component\Interface</Filter>
    </ClInclude>
    <ClInclude Include="Core\base\ManagerInterface.h">
      <Filter>Core\base</Filter>
    </ClInclude>
    <ClInclude Include="Asset\DDSTextureLoader.h">
      <Filter>Asset</Filter>
    </ClInclude>
    <ClInclude Include="Asset\WICTextureLoader.h">
      <Filter>Asset</Filter>
    </ClInclude>
    <ClInclude Include="Scene\Component\Camera\CameraManager.h">
      <Filter>Scene\Component\Camera</Filter>
    </ClInclude>
    <ClInclude Include="Scene\Component\Common\VertexType.h">
      <Filter>Scene\Component\Common</Filter>
    </ClInclude>
    <ClInclude Include="Scene\Component\Common\RenderStates.h">
      <Filter>Scene\Component\Common</Filter>
    </ClInclude>
    <ClInclude Include="Core\Event\InputEventManager.h">
      <Filter>Core\Event</Filter>
    </ClInclude>
    <ClInclude Include="Core\Event\FrameMoveEventManager.h">
      <Filter>Core\Event</Filter>
    </ClInclude>
    <ClInclude Include="Scene\Component\Camera\CameraController.h">
      <Filter>Scene\Component\Camera</Filter>
    </ClInclude>
    <ClInclude Include="Core\Event\CameraChangedManager.h">
      <Filter>Core\Event</Filter>
    </ClInclude>
    <ClInclude Include="Core\collision\Ray.h">
      <Filter>Core\collision</Filter>
    </ClInclude>
    <ClInclude Include="Core\Event\PickEventManager.h">
      <Filter>Core\Event</Filter>
    </ClInclude>
    <ClInclude Include="Core\serialization\Reference.h">
      <Filter>Core\serialization</Filter>
    </ClInclude>
    <ClInclude Include="Core\serialization\SerializationManager.h">
      <Filter>Core\serialization</Filter>
    </ClInclude>
    <ClInclude Include="Core\serialization\Reflection.h">
      <Filter>Core\serialization</Filter>
    </ClInclude>
    <ClInclude Include="Core\Network Request\HttpRequestManager.h">
      <Filter>Core\Network Request</Filter>
    </ClInclude>
    <ClInclude Include="Scene\Component\ModelComponent.h">
      <Filter>Scene\Component\Model</Filter>
    </ClInclude>
    <ClInclude Include="Scene\Pick\PickDetection.h">
      <Filter>Scene\Pick</Filter>
    </ClInclude>
    <ClInclude Include="Scene\Component\BoxComponent.h">
      <Filter>Scene\Component\Effect\BasicPrimitive</Filter>
    </ClInclude>
    <ClInclude Include="Scene\Component\PlaneComponent.h">
      <Filter>Scene\Component\Effect\BasicPrimitive</Filter>
    </ClInclude>
    <ClInclude Include="Scene\Component\SphereComponent.h">
      <Filter>Scene\Component\Effect\BasicPrimitive</Filter>
    </ClInclude>
    <ClInclude Include="Scene\Component\CylinderComponent.h">
      <Filter>Scene\Component\Effect\BasicPrimitive</Filter>
    </ClInclude>
    <ClInclude Include="Scene\Component\SkyBoxComponent.h">
      <Filter>Scene\Component\Effect\skybox</Filter>
    </ClInclude>
    <ClInclude Include="Scene\Component\SpatialImageComponent.h">
      <Filter>Scene\Component\Effect\image</Filter>
    </ClInclude>
    <ClInclude Include="Scene\Component\AxisComponent.h">
      <Filter>Scene\Component\Effect\axis</Filter>
    </ClInclude>
  </ItemGroup>
  <ItemGroup>
    <ClCompile Include="Core\log\LogManager.cpp">
      <Filter>Core\log</Filter>
    </ClCompile>
    <ClCompile Include="Core\engine\Engine.cpp">
      <Filter>Core\engine</Filter>
    </ClCompile>
    <ClCompile Include="Core\engine\GameTimer.cpp">
      <Filter>Core\engine</Filter>
    </ClCompile>
    <ClCompile Include="Asset\AssetManager.cpp">
      <Filter>Asset</Filter>
    </ClCompile>
    <ClCompile Include="Scene\SceneManager.cpp">
      <Filter>Scene</Filter>
    </ClCompile>
    <ClCompile Include="Core\base\Utility.cpp">
      <Filter>Core\base</Filter>
    </ClCompile>
    <ClCompile Include="Scene\Component\Common\Transform.cpp">
      <Filter>Scene\Component\Common</Filter>
    </ClCompile>
    <ClCompile Include="Scene\Component\Interface\ComponentInterface.cpp">
      <Filter>Scene\Component\Interface</Filter>
    </ClCompile>
    <ClCompile Include="Asset\DDSTextureLoader.cpp">
      <Filter>Asset</Filter>
    </ClCompile>
    <ClCompile Include="Asset\WICTextureLoader.cpp">
      <Filter>Asset</Filter>
    </ClCompile>
    <ClCompile Include="Scene\Component\Camera\CameraManager.cpp">
      <Filter>Scene\Component\Camera</Filter>
    </ClCompile>
    <ClCompile Include="Scene\Component\Common\VertexType.cpp">
      <Filter>Scene\Component\Common</Filter>
    </ClCompile>
    <ClCompile Include="Scene\Component\Common\RenderStates.cpp">
      <Filter>Scene\Component\Common</Filter>
    </ClCompile>
    <ClCompile Include="Core\Event\InputEventManager.cpp">
      <Filter>Core\Event</Filter>
    </ClCompile>
    <ClCompile Include="Core\Event\FrameMoveEventManager.cpp">
      <Filter>Core\Event</Filter>
    </ClCompile>
    <ClCompile Include="Scene\Component\Camera\CameraController.cpp">
      <Filter>Scene\Component\Camera</Filter>
    </ClCompile>
    <ClCompile Include="Core\Event\CameraChangedManager.cpp">
      <Filter>Core\Event</Filter>
    </ClCompile>
    <ClCompile Include="Core\collision\Ray.cpp">
      <Filter>Core\collision</Filter>
    </ClCompile>
    <ClCompile Include="Core\Event\PickEventManager.cpp">
      <Filter>Core\Event</Filter>
    </ClCompile>
    <ClCompile Include="Core\serialization\SerializationManager.cpp">
      <Filter>Core\serialization</Filter>
    </ClCompile>
    <ClCompile Include="Core\Network Request\HttpRequestManager.cpp">
      <Filter>Core\Network Request</Filter>
    </ClCompile>
    <ClCompile Include="Scene\Component\ModelComponent.cpp">
      <Filter>Scene\Component\Model</Filter>
    </ClCompile>
    <ClCompile Include="Scene\Pick\PickDetection.cpp">
      <Filter>Scene\Pick</Filter>
    </ClCompile>
    <ClCompile Include="Scene\Component\BoxComponent.cpp">
      <Filter>Scene\Component\Effect\BasicPrimitive</Filter>
    </ClCompile>
    <ClCompile Include="Scene\Component\PlaneComponent.cpp">
      <Filter>Scene\Component\Effect\BasicPrimitive</Filter>
    </ClCompile>
    <ClCompile Include="Scene\Component\SphereComponent.cpp">
      <Filter>Scene\Component\Effect\BasicPrimitive</Filter>
    </ClCompile>
    <ClCompile Include="Scene\Component\CylinderComponent.cpp">
      <Filter>Scene\Component\Effect\BasicPrimitive</Filter>
    </ClCompile>
    <ClCompile Include="Scene\Component\SkyBoxComponent.cpp">
      <Filter>Scene\Component\Effect\skybox</Filter>
    </ClCompile>
    <ClCompile Include="Scene\Component\SpatialImageComponent.cpp">
      <Filter>Scene\Component\Effect\image</Filter>
    </ClCompile>
    <ClCompile Include="Scene\Component\AxisComponent.cpp">
      <Filter>Scene\Component\Effect\axis</Filter>
    </ClCompile>
  </ItemGroup>
  <ItemGroup>
    <None Include="Scene\Shader\CommonShader.hlsli">
      <Filter>Scene\Shader</Filter>
    </None>
    <None Include="Scene\Shader\SkyBoxComponent\SkyBoxCommonShader.hlsli">
      <Filter>Scene\Shader\SkyBoxComponent</Filter>
    </None>
    <None Include="Scene\Shader\BasicPrimitive\BasicPrimitive.hlsli">
      <Filter>Scene\Shader\BasicPrimitive</Filter>
    </None>
    <None Include="cpp.hint" />
    <None Include="Scene\Shader\ScreenPixelFixedImage\ScreenPixelFixedImage.hlsli">
      <Filter>Scene\Shader\ScreenPixelFixedImage</Filter>
    </None>
    <None Include="Scene\Shader\FlatPixelFixedImage\FlatPixelFixedImage.hlsli">
      <Filter>Scene\Shader\FlatPixelFixedImage</Filter>
    </None>
    <None Include="Scene\Shader\ModelComponent\ModelComponent.hlsli">
      <Filter>Scene\Shader\ModelComponent</Filter>
    </None>
  </ItemGroup>
  <ItemGroup>
    <FxCompile Include="Scene\Shader\SkyBoxComponent\SkyBoxComponentPS.hlsl">
      <Filter>Scene\Shader\SkyBoxComponent</Filter>
    </FxCompile>
    <FxCompile Include="Scene\Shader\SkyBoxComponent\SkyBoxComponentVS.hlsl">
      <Filter>Scene\Shader\SkyBoxComponent</Filter>
    </FxCompile>
    <FxCompile Include="Scene\Shader\BasicPrimitive\BasicPrimitivePS.hlsl">
      <Filter>Scene\Shader\BasicPrimitive</Filter>
    </FxCompile>
    <FxCompile Include="Scene\Shader\BasicPrimitive\BasicPrimitiveVS.hlsl">
      <Filter>Scene\Shader\BasicPrimitive</Filter>
    </FxCompile>
    <FxCompile Include="Scene\Shader\ScreenPixelFixedImage\ScreenPixelFixedImageGS.hlsl">
      <Filter>Scene\Shader\ScreenPixelFixedImage</Filter>
    </FxCompile>
    <FxCompile Include="Scene\Shader\ScreenPixelFixedImage\ScreenPixelFixedImageVS.hlsl">
      <Filter>Scene\Shader\ScreenPixelFixedImage</Filter>
    </FxCompile>
    <FxCompile Include="Scene\Shader\ScreenPixelFixedImage\ScreenPixelFixedImagePS.hlsl">
      <Filter>Scene\Shader\ScreenPixelFixedImage</Filter>
    </FxCompile>
    <FxCompile Include="Scene\Shader\FlatPixelFixedImage\FlatPixelFixedImageGS.hlsl">
      <Filter>Scene\Shader\FlatPixelFixedImage</Filter>
    </FxCompile>
    <FxCompile Include="Scene\Shader\FlatPixelFixedImage\FlatPixelFixedImagePS.hlsl">
      <Filter>Scene\Shader\FlatPixelFixedImage</Filter>
    </FxCompile>
    <FxCompile Include="Scene\Shader\FlatPixelFixedImage\FlatPixelFixedImageVS.hlsl">
      <Filter>Scene\Shader\FlatPixelFixedImage</Filter>
    </FxCompile>
    <FxCompile Include="Scene\Shader\ModelComponent\ModelComponentPS.hlsl">
      <Filter>Scene\Shader\ModelComponent</Filter>
    </FxCompile>
    <FxCompile Include="Scene\Shader\ModelComponent\ModelComponentVS.hlsl">
      <Filter>Scene\Shader\ModelComponent</Filter>
    </FxCompile>
  </ItemGroup>
</Project>