<?xml version="1.0" encoding="utf-8"?>
<Project ToolsVersion="4.0" xmlns="http://schemas.microsoft.com/developer/msbuild/2003">
  <ItemGroup>
    <Filter Include="Core">
      <UniqueIdentifier>{93995380-89BD-4b04-88EB-625FBE52EBFB}</UniqueIdentifier>
      <Extensions>h;hh;hpp;hxx;hm;inl;inc;ipp;xsd</Extensions>
    </Filter>
    <Filter Include="Core\base">
      <UniqueIdentifier>{89abef87-6e44-4f8f-8771-eb252b1a2b12}</UniqueIdentifier>
    </Filter>
    <Filter Include="Core\log">
      <UniqueIdentifier>{3d62d17f-d522-465e-ac00-068c3a83be17}</UniqueIdentifier>
    </Filter>
  </ItemGroup>
  <ItemGroup>
    <ClInclude Include="Core\base\SingletonInterface.h">
      <Filter>Core\base</Filter>
    </ClInclude>
    <ClInclude Include="Core\base\Utility.h">
      <Filter>Core\base</Filter>
    </ClInclude>
    <ClInclude Include="Core\log\LogManager.h">
      <Filter>Core\log</Filter>
    </ClInclude>
  </ItemGroup>
  <ItemGroup>
    <ClCompile Include="Core\log\LogManager.cpp">
      <Filter>Core\log</Filter>
    </ClCompile>
  </ItemGroup>
</Project>