<?xml version="1.0" encoding="utf-8"?>
<Project ToolsVersion="4.0" xmlns="http://schemas.microsoft.com/developer/msbuild/2003">
  <ItemGroup>
    <Filter Include="Core">
      <UniqueIdentifier>{93995380-89BD-4b04-88EB-625FBE52EBFB}</UniqueIdentifier>
      <Extensions>h;hh;hpp;hxx;hm;inl;inc;ipp;xsd</Extensions>
    </Filter>
    <Filter Include="Core\base">
      <UniqueIdentifier>{89abef87-6e44-4f8f-8771-eb252b1a2b12}</UniqueIdentifier>
    </Filter>
    <Filter Include="Core\log">
      <UniqueIdentifier>{3d62d17f-d522-465e-ac00-068c3a83be17}</UniqueIdentifier>
    </Filter>
    <Filter Include="Core\engine">
      <UniqueIdentifier>{9f0b1980-2829-44a0-b95d-6995f3f50fbd}</UniqueIdentifier>
    </Filter>
    <Filter Include="Asset">
      <UniqueIdentifier>{c103a0b7-0f85-40bd-8e19-67b5c02ada16}</UniqueIdentifier>
    </Filter>
    <Filter Include="Scene">
      <UniqueIdentifier>{e06d1fa5-ab9c-46d0-b91d-6854fa65f171}</UniqueIdentifier>
    </Filter>
    <Filter Include="Scene\Component">
      <UniqueIdentifier>{db4b97a8-a1f9-43de-9bd3-b73514c0750e}</UniqueIdentifier>
    </Filter>
    <Filter Include="Scene\Component\Common">
      <UniqueIdentifier>{69544583-85b3-48d3-ad6f-ebebdf01f43b}</UniqueIdentifier>
    </Filter>
    <Filter Include="Scene\Component\Interface">
      <UniqueIdentifier>{a56f7a45-c1c7-4af2-8d27-b872248f6f2f}</UniqueIdentifier>
    </Filter>
    <Filter Include="Scene\Component\Camera">
      <UniqueIdentifier>{e10592d6-8937-4045-bcea-3a74c3a790d4}</UniqueIdentifier>
    </Filter>
    <Filter Include="Scene\Shader">
      <UniqueIdentifier>{83c04448-9b7f-4db4-8c6d-8f82f69085c1}</UniqueIdentifier>
    </Filter>
    <Filter Include="Core\Event">
      <UniqueIdentifier>{5a5f3b09-fc58-48f8-8795-28a084ecad85}</UniqueIdentifier>
    </Filter>
    <Filter Include="Scene\Shader\SkyBoxComponent">
      <UniqueIdentifier>{a4f4077e-7f7a-4e8c-a5c8-415d6f646073}</UniqueIdentifier>
    </Filter>
    <Filter Include="Scene\Shader\BasicPrimitive">
      <UniqueIdentifier>{4d09b761-23d2-414a-a207-adeea9913ec1}</UniqueIdentifier>
    </Filter>
  </ItemGroup>
  <ItemGroup>
    <ClInclude Include="Core\base\SingletonInterface.h">
      <Filter>Core\base</Filter>
    </ClInclude>
    <ClInclude Include="Core\base\Utility.h">
      <Filter>Core\base</Filter>
    </ClInclude>
    <ClInclude Include="Core\log\LogManager.h">
      <Filter>Core\log</Filter>
    </ClInclude>
    <ClInclude Include="Core\engine\Engine.h">
      <Filter>Core\engine</Filter>
    </ClInclude>
    <ClInclude Include="Core\engine\GameTimer.h">
      <Filter>Core\engine</Filter>
    </ClInclude>
    <ClInclude Include="Asset\AssetManager.h">
      <Filter>Asset</Filter>
    </ClInclude>
    <ClInclude Include="Scene\SceneManager.h">
      <Filter>Scene</Filter>
    </ClInclude>
    <ClInclude Include="Scene\Component\Common\Light.h">
      <Filter>Scene\Component\Common</Filter>
    </ClInclude>
    <ClInclude Include="Scene\Component\Common\Material.h">
      <Filter>Scene\Component\Common</Filter>
    </ClInclude>
    <ClInclude Include="Scene\Component\Common\Transform.h">
      <Filter>Scene\Component\Common</Filter>
    </ClInclude>
    <ClInclude Include="Scene\Component\Interface\ComponentInterface.h">
      <Filter>Scene\Component\Interface</Filter>
    </ClInclude>
    <ClInclude Include="Core\base\ManagerInterface.h">
      <Filter>Core\base</Filter>
    </ClInclude>
    <ClInclude Include="Asset\DDSTextureLoader.h">
      <Filter>Asset</Filter>
    </ClInclude>
    <ClInclude Include="Asset\WICTextureLoader.h">
      <Filter>Asset</Filter>
    </ClInclude>
    <ClInclude Include="Scene\Component\Camera\CameraManager.h">
      <Filter>Scene\Component\Camera</Filter>
    </ClInclude>
    <ClInclude Include="Scene\Component\BoxComponent.h">
      <Filter>Scene\Component</Filter>
    </ClInclude>
    <ClInclude Include="Scene\Component\Common\VertexType.h">
      <Filter>Scene\Component\Common</Filter>
    </ClInclude>
    <ClInclude Include="Scene\Component\Common\RenderStates.h">
      <Filter>Scene\Component\Common</Filter>
    </ClInclude>
    <ClInclude Include="Core\Event\InputEventManager.h">
      <Filter>Core\Event</Filter>
    </ClInclude>
    <ClInclude Include="Scene\Component\Camera\Cameracontroller.h">
      <Filter>Scene\Component\Camera</Filter>
    </ClInclude>
    <ClInclude Include="Core\Event\FrameMoveEventManager.h">
      <Filter>Core\Event</Filter>
    </ClInclude>
    <ClInclude Include="Scene\Component\SkyBoxComponent.h">
      <Filter>Scene\Component</Filter>
    </ClInclude>
  </ItemGroup>
  <ItemGroup>
    <ClCompile Include="Core\log\LogManager.cpp">
      <Filter>Core\log</Filter>
    </ClCompile>
    <ClCompile Include="Core\engine\Engine.cpp">
      <Filter>Core\engine</Filter>
    </ClCompile>
    <ClCompile Include="Core\engine\GameTimer.cpp">
      <Filter>Core\engine</Filter>
    </ClCompile>
    <ClCompile Include="Asset\AssetManager.cpp">
      <Filter>Asset</Filter>
    </ClCompile>
    <ClCompile Include="Scene\SceneManager.cpp">
      <Filter>Scene</Filter>
    </ClCompile>
    <ClCompile Include="Core\base\Utility.cpp">
      <Filter>Core\base</Filter>
    </ClCompile>
    <ClCompile Include="Scene\Component\Common\Transform.cpp">
      <Filter>Scene\Component\Common</Filter>
    </ClCompile>
    <ClCompile Include="Scene\Component\Interface\ComponentInterface.cpp">
      <Filter>Scene\Component\Interface</Filter>
    </ClCompile>
    <ClCompile Include="Asset\DDSTextureLoader.cpp">
      <Filter>Asset</Filter>
    </ClCompile>
    <ClCompile Include="Asset\WICTextureLoader.cpp">
      <Filter>Asset</Filter>
    </ClCompile>
    <ClCompile Include="Scene\Component\Camera\CameraManager.cpp">
      <Filter>Scene\Component\Camera</Filter>
    </ClCompile>
    <ClCompile Include="Scene\Component\BoxComponent.cpp">
      <Filter>Scene\Component</Filter>
    </ClCompile>
    <ClCompile Include="Scene\Component\Common\VertexType.cpp">
      <Filter>Scene\Component\Common</Filter>
    </ClCompile>
    <ClCompile Include="Scene\Component\Common\RenderStates.cpp">
      <Filter>Scene\Component\Common</Filter>
    </ClCompile>
    <ClCompile Include="Core\Event\InputEventManager.cpp">
      <Filter>Core\Event</Filter>
    </ClCompile>
    <ClCompile Include="Scene\Component\Camera\Cameracontroller.cpp">
      <Filter>Scene\Component\Camera</Filter>
    </ClCompile>
    <ClCompile Include="Core\Event\FrameMoveEventManager.cpp">
      <Filter>Core\Event</Filter>
    </ClCompile>
    <ClCompile Include="Scene\Component\SkyBoxComponent.cpp">
      <Filter>Scene\Component</Filter>
    </ClCompile>
  </ItemGroup>
  <ItemGroup>
    <None Include="Scene\Shader\CommonShader.hlsli">
      <Filter>Scene\Shader</Filter>
    </None>
    <None Include="Scene\Shader\SkyBoxComponent\SkyBoxCommonShader.hlsli">
      <Filter>Scene\Shader\SkyBoxComponent</Filter>
    </None>
    <None Include="Scene\Shader\BasicPrimitive\BasicPrimitive.hlsli">
      <Filter>Scene\Shader\BasicPrimitive</Filter>
    </None>
  </ItemGroup>
  <ItemGroup>
    <FxCompile Include="Scene\Shader\SkyBoxComponent\SkyBoxComponentPS.hlsl">
      <Filter>Scene\Shader\SkyBoxComponent</Filter>
    </FxCompile>
    <FxCompile Include="Scene\Shader\SkyBoxComponent\SkyBoxComponentVS.hlsl">
      <Filter>Scene\Shader\SkyBoxComponent</Filter>
    </FxCompile>
    <FxCompile Include="Scene\Shader\BasicPrimitive\BasicPrimitivePS.hlsl">
      <Filter>Scene\Shader\BasicPrimitive</Filter>
    </FxCompile>
    <FxCompile Include="Scene\Shader\BasicPrimitive\BasicPrimitiveVS.hlsl">
      <Filter>Scene\Shader\BasicPrimitive</Filter>
    </FxCompile>
  </ItemGroup>
</Project>