<?xml version="1.0" encoding="utf-8"?>
<Project ToolsVersion="4.0" xmlns="http://schemas.microsoft.com/developer/msbuild/2003">
  <ItemGroup>
    <ClCompile Include="window\EditorWindow.cpp">
      <Filter>源文件</Filter>
    </ClCompile>
    <ClCompile Include="window\RenderWindow.cpp">
      <Filter>源文件</Filter>
    </ClCompile>
    <ClCompile Include="main.cpp" />
  </ItemGroup>
  <ItemGroup>
    <Filter Include="头文件">
      <UniqueIdentifier>{119ed6fb-a145-4b04-9641-d5eb9196c77d}</UniqueIdentifier>
    </Filter>
    <Filter Include="源文件">
      <UniqueIdentifier>{aada01ad-9d28-4dab-9339-2248e1b777dd}</UniqueIdentifier>
    </Filter>
    <Filter Include="资源文件">
      <UniqueIdentifier>{8c5b9e0d-6812-4697-aa50-ce90fad8b7c3}</UniqueIdentifier>
    </Filter>
  </ItemGroup>
  <ItemGroup>
    <QtMoc Include="window\EditorWindow.h">
      <Filter>头文件</Filter>
    </QtMoc>
    <QtMoc Include="window\RenderWindow.h">
      <Filter>头文件</Filter>
    </QtMoc>
  </ItemGroup>
  <ItemGroup>
    <QtUic Include="window\EditorWindow.ui">
      <Filter>资源文件</Filter>
    </QtUic>
  </ItemGroup>
</Project>